
Microsoft Visual Studio Solution File, Format Version 10.00
# Visual Studio 2008
Project("{FAE04EC0-301F-11D3-BF4B-00C04F79EFBC}") = "iTrader.Client2", "iTrader.Client2\iTrader.Client2.csproj", "{200EBB54-F180-4AD7-86FE-069BAA37269C}"
	ProjectSection(ProjectDependencies) = postProject
		{FEF24203-AB75-49B6-9981-A60C749D5C5F} = {FEF24203-AB75-49B6-9981-A60C749D5C5F}
		{EA9A8C0B-7B27-4AF5-A0E6-444825605AEA} = {EA9A8C0B-7B27-4AF5-A0E6-444825605AEA}
		{FAB19525-CD56-4A33-A8BB-791600D19975} = {FAB19525-CD56-4A33-A8BB-791600D19975}
		{76CF0E5A-E333-4A48-96C0-33A5427B8BF6} = {76CF0E5A-E333-4A48-96C0-33A5427B8BF6}
		{A8CAA764-EF1D-4078-A533-BA83EDBD9CFE} = {A8CAA764-EF1D-4078-A533-BA83EDBD9CFE}
		{646AB19C-F3FF-4E35-A90E-3A86FF160BD5} = {646AB19C-F3FF-4E35-A90E-3A86FF160BD5}
		{37E3D9A4-FE9F-4857-BB90-5458E3692568} = {37E3D9A4-FE9F-4857-BB90-5458E3692568}
		{C9E5B9D3-E9F6-47E3-B6D0-ABF4B15D547C} = {C9E5B9D3-E9F6-47E3-B6D0-ABF4B15D547C}
	EndProjectSection
EndProject
Project("{FAE04EC0-301F-11D3-BF4B-00C04F79EFBC}") = "itcClassess", "itcClassess\itcClassess.csproj", "{E9E161BC-AE63-4D6E-8FF1-F549FFDF847A}"
EndProject
Project("{FAE04EC0-301F-11D3-BF4B-00C04F79EFBC}") = "itcDatabase", "itcDatabase\itcDatabase.csproj", "{269EB8C8-C7EA-46B8-8CEF-E0AB4D279156}"
EndProject
Project("{FAE04EC0-301F-11D3-BF4B-00C04F79EFBC}") = "itcInterface", "itcInterface\itcInterface.csproj", "{BC239E93-F758-45E0-A202-03E1D38DCBD3}"
EndProject
Project("{2150E333-8FDC-42A3-9474-1A3956D46DE8}") = "Plugins", "Plugins", "{6EF022C0-86B1-4125-BC03-7842754D223F}"
EndProject
Project("{FAE04EC0-301F-11D3-BF4B-00C04F79EFBC}") = "ConsumedOrders", "Plugins\ConsumedOrders\ConsumedOrders.csproj", "{FEF24203-AB75-49B6-9981-A60C749D5C5F}"
EndProject
Project("{FAE04EC0-301F-11D3-BF4B-00C04F79EFBC}") = "itcConfig", "itcConfig\itcConfig.csproj", "{A8CAA764-EF1D-4078-A533-BA83EDBD9CFE}"
EndProject
Project("{FAE04EC0-301F-11D3-BF4B-00C04F79EFBC}") = "itcLog", "itcLog\itcLog.csproj", "{37E3D9A4-FE9F-4857-BB90-5458E3692568}"
EndProject
Project("{FAE04EC0-301F-11D3-BF4B-00C04F79EFBC}") = "itcUpdateFile", "itcUpdateFile\itcUpdateFile.csproj", "{76CF0E5A-E333-4A48-96C0-33A5427B8BF6}"
EndProject
Project("{FAE04EC0-301F-11D3-BF4B-00C04F79EFBC}") = "GPSShopBinder", "Plugins\GPSShopBinder\GPSShopBinder.csproj", "{C9E5B9D3-E9F6-47E3-B6D0-ABF4B15D547C}"
EndProject
Project("{FAE04EC0-301F-11D3-BF4B-00C04F79EFBC}") = "ReportApplication", "Plugins\ReportApplication\ReportApplication.csproj", "{EA9A8C0B-7B27-4AF5-A0E6-444825605AEA}"
EndProject
Project("{FAE04EC0-301F-11D3-BF4B-00C04F79EFBC}") = "NetworkLib", "NetworkLib\NetworkLib.csproj", "{646AB19C-F3FF-4E35-A90E-3A86FF160BD5}"
EndProject
Project("{FAE04EC0-301F-11D3-BF4B-00C04F79EFBC}") = "itcFileReplacer", "itcFileReplacer\itcFileReplacer.csproj", "{FAB19525-CD56-4A33-A8BB-791600D19975}"
EndProject
Global
	GlobalSection(SolutionConfigurationPlatforms) = preSolution
		Debug|Any CPU = Debug|Any CPU
		Release|Any CPU = Release|Any CPU
	EndGlobalSection
	GlobalSection(ProjectConfigurationPlatforms) = postSolution
		{200EBB54-F180-4AD7-86FE-069BAA37269C}.Debug|Any CPU.ActiveCfg = Debug|Any CPU
		{200EBB54-F180-4AD7-86FE-069BAA37269C}.Debug|Any CPU.Build.0 = Debug|Any CPU
		{200EBB54-F180-4AD7-86FE-069BAA37269C}.Debug|Any CPU.Deploy.0 = Debug|Any CPU
		{200EBB54-F180-4AD7-86FE-069BAA37269C}.Release|Any CPU.ActiveCfg = Release|Any CPU
		{200EBB54-F180-4AD7-86FE-069BAA37269C}.Release|Any CPU.Build.0 = Release|Any CPU
		{200EBB54-F180-4AD7-86FE-069BAA37269C}.Release|Any CPU.Deploy.0 = Release|Any CPU
		{E9E161BC-AE63-4D6E-8FF1-F549FFDF847A}.Debug|Any CPU.ActiveCfg = Debug|Any CPU
		{E9E161BC-AE63-4D6E-8FF1-F549FFDF847A}.Debug|Any CPU.Build.0 = Debug|Any CPU
		{E9E161BC-AE63-4D6E-8FF1-F549FFDF847A}.Debug|Any CPU.Deploy.0 = Debug|Any CPU
		{E9E161BC-AE63-4D6E-8FF1-F549FFDF847A}.Release|Any CPU.ActiveCfg = Release|Any CPU
		{E9E161BC-AE63-4D6E-8FF1-F549FFDF847A}.Release|Any CPU.Build.0 = Release|Any CPU
		{269EB8C8-C7EA-46B8-8CEF-E0AB4D279156}.Debug|Any CPU.ActiveCfg = Debug|Any CPU
		{269EB8C8-C7EA-46B8-8CEF-E0AB4D279156}.Debug|Any CPU.Build.0 = Debug|Any CPU
		{269EB8C8-C7EA-46B8-8CEF-E0AB4D279156}.Debug|Any CPU.Deploy.0 = Debug|Any CPU
		{269EB8C8-C7EA-46B8-8CEF-E0AB4D279156}.Release|Any CPU.ActiveCfg = Release|Any CPU
		{269EB8C8-C7EA-46B8-8CEF-E0AB4D279156}.Release|Any CPU.Build.0 = Release|Any CPU
		{BC239E93-F758-45E0-A202-03E1D38DCBD3}.Debug|Any CPU.ActiveCfg = Debug|Any CPU
		{BC239E93-F758-45E0-A202-03E1D38DCBD3}.Debug|Any CPU.Build.0 = Debug|Any CPU
		{BC239E93-F758-45E0-A202-03E1D38DCBD3}.Debug|Any CPU.Deploy.0 = Debug|Any CPU
		{BC239E93-F758-45E0-A202-03E1D38DCBD3}.Release|Any CPU.ActiveCfg = Release|Any CPU
		{BC239E93-F758-45E0-A202-03E1D38DCBD3}.Release|Any CPU.Build.0 = Release|Any CPU
		{FEF24203-AB75-49B6-9981-A60C749D5C5F}.Debug|Any CPU.ActiveCfg = Debug|Any CPU
		{FEF24203-AB75-49B6-9981-A60C749D5C5F}.Debug|Any CPU.Build.0 = Debug|Any CPU
		{FEF24203-AB75-49B6-9981-A60C749D5C5F}.Debug|Any CPU.Deploy.0 = Debug|Any CPU
		{FEF24203-AB75-49B6-9981-A60C749D5C5F}.Release|Any CPU.ActiveCfg = Release|Any CPU
		{FEF24203-AB75-49B6-9981-A60C749D5C5F}.Release|Any CPU.Build.0 = Release|Any CPU
		{A8CAA764-EF1D-4078-A533-BA83EDBD9CFE}.Debug|Any CPU.ActiveCfg = Debug|Any CPU
		{A8CAA764-EF1D-4078-A533-BA83EDBD9CFE}.Debug|Any CPU.Build.0 = Debug|Any CPU
		{A8CAA764-EF1D-4078-A533-BA83EDBD9CFE}.Debug|Any CPU.Deploy.0 = Debug|Any CPU
		{A8CAA764-EF1D-4078-A533-BA83EDBD9CFE}.Release|Any CPU.ActiveCfg = Release|Any CPU
		{A8CAA764-EF1D-4078-A533-BA83EDBD9CFE}.Release|Any CPU.Build.0 = Release|Any CPU
		{37E3D9A4-FE9F-4857-BB90-5458E3692568}.Debug|Any CPU.ActiveCfg = Debug|Any CPU
		{37E3D9A4-FE9F-4857-BB90-5458E3692568}.Debug|Any CPU.Deploy.0 = Debug|Any CPU
		{37E3D9A4-FE9F-4857-BB90-5458E3692568}.Release|Any CPU.ActiveCfg = Release|Any CPU
		{37E3D9A4-FE9F-4857-BB90-5458E3692568}.Release|Any CPU.Build.0 = Release|Any CPU
		{76CF0E5A-E333-4A48-96C0-33A5427B8BF6}.Debug|Any CPU.ActiveCfg = Debug|Any CPU
		{76CF0E5A-E333-4A48-96C0-33A5427B8BF6}.Debug|Any CPU.Deploy.0 = Debug|Any CPU
		{76CF0E5A-E333-4A48-96C0-33A5427B8BF6}.Release|Any CPU.ActiveCfg = Release|Any CPU
		{76CF0E5A-E333-4A48-96C0-33A5427B8BF6}.Release|Any CPU.Build.0 = Release|Any CPU
		{76CF0E5A-E333-4A48-96C0-33A5427B8BF6}.Release|Any CPU.Deploy.0 = Release|Any CPU
		{C9E5B9D3-E9F6-47E3-B6D0-ABF4B15D547C}.Debug|Any CPU.ActiveCfg = Debug|Any CPU
		{C9E5B9D3-E9F6-47E3-B6D0-ABF4B15D547C}.Debug|Any CPU.Build.0 = Debug|Any CPU
		{C9E5B9D3-E9F6-47E3-B6D0-ABF4B15D547C}.Debug|Any CPU.Deploy.0 = Debug|Any CPU
		{C9E5B9D3-E9F6-47E3-B6D0-ABF4B15D547C}.Release|Any CPU.ActiveCfg = Release|Any CPU
		{C9E5B9D3-E9F6-47E3-B6D0-ABF4B15D547C}.Release|Any CPU.Build.0 = Release|Any CPU
		{EA9A8C0B-7B27-4AF5-A0E6-444825605AEA}.Debug|Any CPU.ActiveCfg = Debug|Any CPU
		{EA9A8C0B-7B27-4AF5-A0E6-444825605AEA}.Debug|Any CPU.Build.0 = Debug|Any CPU
		{EA9A8C0B-7B27-4AF5-A0E6-444825605AEA}.Debug|Any CPU.Deploy.0 = Debug|Any CPU
		{EA9A8C0B-7B27-4AF5-A0E6-444825605AEA}.Release|Any CPU.ActiveCfg = Release|Any CPU
		{EA9A8C0B-7B27-4AF5-A0E6-444825605AEA}.Release|Any CPU.Build.0 = Release|Any CPU
		{646AB19C-F3FF-4E35-A90E-3A86FF160BD5}.Debug|Any CPU.ActiveCfg = Debug|Any CPU
		{646AB19C-F3FF-4E35-A90E-3A86FF160BD5}.Release|Any CPU.ActiveCfg = Release|Any CPU
		{646AB19C-F3FF-4E35-A90E-3A86FF160BD5}.Release|Any CPU.Build.0 = Release|Any CPU
		{FAB19525-CD56-4A33-A8BB-791600D19975}.Debug|Any CPU.ActiveCfg = Debug|Any CPU
		{FAB19525-CD56-4A33-A8BB-791600D19975}.Debug|Any CPU.Deploy.0 = Debug|Any CPU
		{FAB19525-CD56-4A33-A8BB-791600D19975}.Release|Any CPU.ActiveCfg = Release|Any CPU
		{FAB19525-CD56-4A33-A8BB-791600D19975}.Release|Any CPU.Build.0 = Release|Any CPU
		{FAB19525-CD56-4A33-A8BB-791600D19975}.Release|Any CPU.Deploy.0 = Release|Any CPU
	EndGlobalSection
	GlobalSection(SolutionProperties) = preSolution
		HideSolutionNode = FALSE
	EndGlobalSection
	GlobalSection(NestedProjects) = preSolution
		{FEF24203-AB75-49B6-9981-A60C749D5C5F} = {6EF022C0-86B1-4125-BC03-7842754D223F}
		{C9E5B9D3-E9F6-47E3-B6D0-ABF4B15D547C} = {6EF022C0-86B1-4125-BC03-7842754D223F}
		{EA9A8C0B-7B27-4AF5-A0E6-444825605AEA} = {6EF022C0-86B1-4125-BC03-7842754D223F}
	EndGlobalSection
	GlobalSection(ExtensibilityGlobals) = postSolution
		VisualSVNWorkingCopyRoot = .
	EndGlobalSection
EndGlobal
